// !$*UTF8*$!
{
	archiveVersion = 1;
	classes = {
	};
	objectVersion = 50;
	objects = {

/* Begin PBXBuildFile section */
		885041C02092B93300F06225 /* AppDelegate.swift in Sources */ = {isa = PBXBuildFile; fileRef = 885041BF2092B93300F06225 /* AppDelegate.swift */; };
		885041C72092B93400F06225 /* Assets.xcassets in Resources */ = {isa = PBXBuildFile; fileRef = 885041C62092B93400F06225 /* Assets.xcassets */; };
		885041D22092BA4D00F06225 /* GameViewController.swift in Sources */ = {isa = PBXBuildFile; fileRef = 885041D12092BA4D00F06225 /* GameViewController.swift */; };
		885041D42092C21F00F06225 /* Extensions.swift in Sources */ = {isa = PBXBuildFile; fileRef = 885041D32092C21F00F06225 /* Extensions.swift */; };
		885041D62092C48100F06225 /* MainSKScene.swift in Sources */ = {isa = PBXBuildFile; fileRef = 885041D52092C48100F06225 /* MainSKScene.swift */; };
		88F19DEC20963652000C6DBB /* ShapeArrays.swift in Sources */ = {isa = PBXBuildFile; fileRef = 88F19DEB20963652000C6DBB /* ShapeArrays.swift */; };
		88F19DEE20964AE6000C6DBB /* ShapeTextures.swift in Sources */ = {isa = PBXBuildFile; fileRef = 88F19DED20964AE6000C6DBB /* ShapeTextures.swift */; };
		88F19DF0209680A9000C6DBB /* Grid.swift in Sources */ = {isa = PBXBuildFile; fileRef = 88F19DEF209680A9000C6DBB /* Grid.swift */; };
		88F58E6A2093ED44009B449C /* LaunchScreen.storyboard in Resources */ = {isa = PBXBuildFile; fileRef = 88F58E692093ED44009B449C /* LaunchScreen.storyboard */; };
		88F58E6C2093ED7B009B449C /* Main.storyboard in Resources */ = {isa = PBXBuildFile; fileRef = 88F58E6B2093ED7B009B449C /* Main.storyboard */; };
		88F58E6F2093EFAC009B449C /* Generate.swift in Sources */ = {isa = PBXBuildFile; fileRef = 88F58E6E2093EFAC009B449C /* Generate.swift */; };
/* End PBXBuildFile section */

/* Begin PBXFileReference section */
		885041BC2092B93300F06225 /* TetrisGenerator_SPRKT.app */ = {isa = PBXFileReference; explicitFileType = wrapper.application; includeInIndex = 0; path = TetrisGenerator_SPRKT.app; sourceTree = BUILT_PRODUCTS_DIR; };
		885041BF2092B93300F06225 /* AppDelegate.swift */ = {isa = PBXFileReference; lastKnownFileType = sourcecode.swift; path = AppDelegate.swift; sourceTree = "<group>"; };
		885041C62092B93400F06225 /* Assets.xcassets */ = {isa = PBXFileReference; lastKnownFileType = folder.assetcatalog; path = Assets.xcassets; sourceTree = "<group>"; };
		885041CB2092B93400F06225 /* Info.plist */ = {isa = PBXFileReference; lastKnownFileType = text.plist.xml; path = Info.plist; sourceTree = "<group>"; };
		885041D12092BA4D00F06225 /* GameViewController.swift */ = {isa = PBXFileReference; lastKnownFileType = sourcecode.swift; path = GameViewController.swift; sourceTree = "<group>"; };
		885041D32092C21F00F06225 /* Extensions.swift */ = {isa = PBXFileReference; lastKnownFileType = sourcecode.swift; path = Extensions.swift; sourceTree = "<group>"; };
		885041D52092C48100F06225 /* MainSKScene.swift */ = {isa = PBXFileReference; lastKnownFileType = sourcecode.swift; path = MainSKScene.swift; sourceTree = "<group>"; };
		88F19DEB20963652000C6DBB /* ShapeArrays.swift */ = {isa = PBXFileReference; lastKnownFileType = sourcecode.swift; path = ShapeArrays.swift; sourceTree = "<group>"; };
		88F19DED20964AE6000C6DBB /* ShapeTextures.swift */ = {isa = PBXFileReference; lastKnownFileType = sourcecode.swift; path = ShapeTextures.swift; sourceTree = "<group>"; };
		88F19DEF209680A9000C6DBB /* Grid.swift */ = {isa = PBXFileReference; lastKnownFileType = sourcecode.swift; path = Grid.swift; sourceTree = "<group>"; };
		88F58E692093ED44009B449C /* LaunchScreen.storyboard */ = {isa = PBXFileReference; fileEncoding = 4; lastKnownFileType = file.storyboard; path = LaunchScreen.storyboard; sourceTree = "<group>"; };
		88F58E6B2093ED7B009B449C /* Main.storyboard */ = {isa = PBXFileReference; lastKnownFileType = file.storyboard; path = Main.storyboard; sourceTree = "<group>"; };
		88F58E6E2093EFAC009B449C /* Generate.swift */ = {isa = PBXFileReference; lastKnownFileType = sourcecode.swift; path = Generate.swift; sourceTree = "<group>"; };
/* End PBXFileReference section */

/* Begin PBXFrameworksBuildPhase section */
		885041B92092B93300F06225 /* Frameworks */ = {
			isa = PBXFrameworksBuildPhase;
			buildActionMask = 2147483647;
			files = (
			);
			runOnlyForDeploymentPostprocessing = 0;
		};
/* End PBXFrameworksBuildPhase section */

/* Begin PBXGroup section */
		885041B32092B93300F06225 = {
			isa = PBXGroup;
			children = (
				885041BE2092B93300F06225 /* TetrisGenerator_SPRKT */,
				885041BD2092B93300F06225 /* Products */,
			);
			sourceTree = "<group>";
		};
		885041BD2092B93300F06225 /* Products */ = {
			isa = PBXGroup;
			children = (
				885041BC2092B93300F06225 /* TetrisGenerator_SPRKT.app */,
			);
			name = Products;
			sourceTree = "<group>";
		};
		885041BE2092B93300F06225 /* TetrisGenerator_SPRKT */ = {
			isa = PBXGroup;
			children = (
				885041BF2092B93300F06225 /* AppDelegate.swift */,
				885041D12092BA4D00F06225 /* GameViewController.swift */,
				885041D52092C48100F06225 /* MainSKScene.swift */,
				88F19DEF209680A9000C6DBB /* Grid.swift */,
				88F58E6E2093EFAC009B449C /* Generate.swift */,
				88F19DEB20963652000C6DBB /* ShapeArrays.swift */,
				88F19DED20964AE6000C6DBB /* ShapeTextures.swift */,
				885041D32092C21F00F06225 /* Extensions.swift */,
				885041C62092B93400F06225 /* Assets.xcassets */,
				885041CB2092B93400F06225 /* Info.plist */,
				88F58E6D2093EEAD009B449C /* StoryBoards */,
			);
			path = TetrisGenerator_SPRKT;
			sourceTree = "<group>";
		};
		88F58E6D2093EEAD009B449C /* StoryBoards */ = {
			isa = PBXGroup;
			children = (
				88F58E692093ED44009B449C /* LaunchScreen.storyboard */,
				88F58E6B2093ED7B009B449C /* Main.storyboard */,
			);
			path = StoryBoards;
			sourceTree = "<group>";
		};
/* End PBXGroup section */

/* Begin PBXNativeTarget section */
		885041BB2092B93300F06225 /* TetrisGenerator_SPRKT */ = {
			isa = PBXNativeTarget;
			buildConfigurationList = 885041CE2092B93400F06225 /* Build configuration list for PBXNativeTarget "TetrisGenerator_SPRKT" */;
			buildPhases = (
				885041B82092B93300F06225 /* Sources */,
				885041B92092B93300F06225 /* Frameworks */,
				885041BA2092B93300F06225 /* Resources */,
			);
			buildRules = (
			);
			dependencies = (
			);
			name = TetrisGenerator_SPRKT;
			productName = TetrisGenerator_SPRKT;
			productReference = 885041BC2092B93300F06225 /* TetrisGenerator_SPRKT.app */;
			productType = "com.apple.product-type.application";
		};
/* End PBXNativeTarget section */

/* Begin PBXProject section */
		885041B42092B93300F06225 /* Project object */ = {
			isa = PBXProject;
			attributes = {
				LastSwiftUpdateCheck = 0930;
				LastUpgradeCheck = 0930;
				ORGANIZATIONNAME = HipsterTrikster;
				TargetAttributes = {
					885041BB2092B93300F06225 = {
						CreatedOnToolsVersion = 9.3;
					};
				};
			};
			buildConfigurationList = 885041B72092B93300F06225 /* Build configuration list for PBXProject "TetrisGenerator_SPRKT" */;
			compatibilityVersion = "Xcode 9.3";
			developmentRegion = en;
			hasScannedForEncodings = 0;
			knownRegions = (
				en,
				Base,
			);
			mainGroup = 885041B32092B93300F06225;
			productRefGroup = 885041BD2092B93300F06225 /* Products */;
			projectDirPath = "";
			projectRoot = "";
			targets = (
				885041BB2092B93300F06225 /* TetrisGenerator_SPRKT */,
			);
		};
/* End PBXProject section */

/* Begin PBXResourcesBuildPhase section */
		885041BA2092B93300F06225 /* Resources */ = {
			isa = PBXResourcesBuildPhase;
			buildActionMask = 2147483647;
			files = (
				885041C72092B93400F06225 /* Assets.xcassets in Resources */,
				88F58E6A2093ED44009B449C /* LaunchScreen.storyboard in Resources */,
				88F58E6C2093ED7B009B449C /* Main.storyboard in Resources */,
			);
			runOnlyForDeploymentPostprocessing = 0;
		};
/* End PBXResourcesBuildPhase section */

/* Begin PBXSourcesBuildPhase section */
		885041B82092B93300F06225 /* Sources */ = {
			isa = PBXSourcesBuildPhase;
			buildActionMask = 2147483647;
			files = (
				885041D22092BA4D00F06225 /* GameViewController.swift in Sources */,
				885041D62092C48100F06225 /* MainSKScene.swift in Sources */,
				88F58E6F2093EFAC009B449C /* Generate.swift in Sources */,
				88F19DF0209680A9000C6DBB /* Grid.swift in Sources */,
				88F19DEE20964AE6000C6DBB /* ShapeTextures.swift in Sources */,
				885041D42092C21F00F06225 /* Extensions.swift in Sources */,
				885041C02092B93300F06225 /* AppDelegate.swift in Sources */,
				88F19DEC20963652000C6DBB /* ShapeArrays.swift in Sources */,
			);
			runOnlyForDeploymentPostprocessing = 0;
		};
/* End PBXSourcesBuildPhase section */

/* Begin XCBuildConfiguration section */
		885041CC2092B93400F06225 /* Debug */ = {
			isa = XCBuildConfiguration;
			buildSettings = {
				ALWAYS_SEARCH_USER_PATHS = NO;
				CLANG_ANALYZER_NONNULL = YES;
				CLANG_ANALYZER_NUMBER_OBJECT_CONVERSION = YES_AGGRESSIVE;
				CLANG_CXX_LANGUAGE_STANDARD = "gnu++14";
				CLANG_CXX_LIBRARY = "libc++";
				CLANG_ENABLE_MODULES = YES;
				CLANG_ENABLE_OBJC_ARC = YES;
				CLANG_ENABLE_OBJC_WEAK = YES;
				CLANG_WARN_BLOCK_CAPTURE_AUTORELEASING = YES;
				CLANG_WARN_BOOL_CONVERSION = YES;
				CLANG_WARN_COMMA = YES;
				CLANG_WARN_CONSTANT_CONVERSION = YES;
				CLANG_WARN_DEPRECATED_OBJC_IMPLEMENTATIONS = YES;
				CLANG_WARN_DIRECT_OBJC_ISA_USAGE = YES_ERROR;
				CLANG_WARN_DOCUMENTATION_COMMENTS = YES;
				CLANG_WARN_EMPTY_BODY = YES;
				CLANG_WARN_ENUM_CONVERSION = YES;
				CLANG_WARN_INFINITE_RECURSION = YES;
				CLANG_WARN_INT_CONVERSION = YES;
				CLANG_WARN_NON_LITERAL_NULL_CONVERSION = YES;
				CLANG_WARN_OBJC_IMPLICIT_RETAIN_SELF = YES;
				CLANG_WARN_OBJC_LITERAL_CONVERSION = YES;
				CLANG_WARN_OBJC_ROOT_CLASS = YES_ERROR;
				CLANG_WARN_RANGE_LOOP_ANALYSIS = YES;
				CLANG_WARN_STRICT_PROTOTYPES = YES;
				CLANG_WARN_SUSPICIOUS_MOVE = YES;
				CLANG_WARN_UNGUARDED_AVAILABILITY = YES_AGGRESSIVE;
				CLANG_WARN_UNREACHABLE_CODE = YES;
				CLANG_WARN__DUPLICATE_METHOD_MATCH = YES;
				CODE_SIGN_IDENTITY = "iPhone Developer";
				COPY_PHASE_STRIP = NO;
				DEBUG_INFORMATION_FORMAT = dwarf;
				ENABLE_STRICT_OBJC_MSGSEND = YES;
				ENABLE_TESTABILITY = YES;
				GCC_C_LANGUAGE_STANDARD = gnu11;
				GCC_DYNAMIC_NO_PIC = NO;
				GCC_NO_COMMON_BLOCKS = YES;
				GCC_OPTIMIZATION_LEVEL = 0;
				GCC_PREPROCESSOR_DEFINITIONS = (
					"DEBUG=1",
					"$(inherited)",
				);
				GCC_WARN_64_TO_32_BIT_CONVERSION = YES;
				GCC_WARN_ABOUT_RETURN_TYPE = YES_ERROR;
				GCC_WARN_UNDECLARED_SELECTOR = YES;
				GCC_WARN_UNINITIALIZED_AUTOS = YES_AGGRESSIVE;
				GCC_WARN_UNUSED_FUNCTION = YES;
				GCC_WARN_UNUSED_VARIABLE = YES;
				IPHONEOS_DEPLOYMENT_TARGET = 11.3;
				MTL_ENABLE_DEBUG_INFO = YES;
				ONLY_ACTIVE_ARCH = YES;
				SDKROOT = iphoneos;
				SWIFT_ACTIVE_COMPILATION_CONDITIONS = DEBUG;
				SWIFT_OPTIMIZATION_LEVEL = "-Onone";
			};
			name = Debug;
		};
		885041CD2092B93400F06225 /* Release */ = {
			isa = XCBuildConfiguration;
			buildSettings = {
				ALWAYS_SEARCH_USER_PATHS = NO;
				CLANG_ANALYZER_NONNULL = YES;
				CLANG_ANALYZER_NUMBER_OBJECT_CONVERSION = YES_AGGRESSIVE;
				CLANG_CXX_LANGUAGE_STANDARD = "gnu++14";
				CLANG_CXX_LIBRARY = "libc++";
				CLANG_ENABLE_MODULES = YES;
				CLANG_ENABLE_OBJC_ARC = YES;
				CLANG_ENABLE_OBJC_WEAK = YES;
				CLANG_WARN_BLOCK_CAPTURE_AUTORELEASING = YES;
				CLANG_WARN_BOOL_CONVERSION = YES;
				CLANG_WARN_COMMA = YES;
				CLANG_WARN_CONSTANT_CONVERSION = YES;
				CLANG_WARN_DEPRECATED_OBJC_IMPLEMENTATIONS = YES;
				CLANG_WARN_DIRECT_OBJC_ISA_USAGE = YES_ERROR;
				CLANG_WARN_DOCUMENTATION_COMMENTS = YES;
				CLANG_WARN_EMPTY_BODY = YES;
				CLANG_WARN_ENUM_CONVERSION = YES;
				CLANG_WARN_INFINITE_RECURSION = YES;
				CLANG_WARN_INT_CONVERSION = YES;
				CLANG_WARN_NON_LITERAL_NULL_CONVERSION = YES;
				CLANG_WARN_OBJC_IMPLICIT_RETAIN_SELF = YES;
				CLANG_WARN_OBJC_LITERAL_CONVERSION = YES;
				CLANG_WARN_OBJC_ROOT_CLASS = YES_ERROR;
				CLANG_WARN_RANGE_LOOP_ANALYSIS = YES;
				CLANG_WARN_STRICT_PROTOTYPES = YES;
				CLANG_WARN_SUSPICIOUS_MOVE = YES;
				CLANG_WARN_UNGUARDED_AVAILABILITY = YES_AGGRESSIVE;
				CLANG_WARN_UNREACHABLE_CODE = YES;
				CLANG_WARN__DUPLICATE_METHOD_MATCH = YES;
				CODE_SIGN_IDENTITY = "iPhone Developer";
				COPY_PHASE_STRIP = NO;
				DEBUG_INFORMATION_FORMAT = "dwarf-with-dsym";
				ENABLE_NS_ASSERTIONS = NO;
				ENABLE_STRICT_OBJC_MSGSEND = YES;
				GCC_C_LANGUAGE_STANDARD = gnu11;
				GCC_NO_COMMON_BLOCKS = YES;
				GCC_WARN_64_TO_32_BIT_CONVERSION = YES;
				GCC_WARN_ABOUT_RETURN_TYPE = YES_ERROR;
				GCC_WARN_UNDECLARED_SELECTOR = YES;
				GCC_WARN_UNINITIALIZED_AUTOS = YES_AGGRESSIVE;
				GCC_WARN_UNUSED_FUNCTION = YES;
				GCC_WARN_UNUSED_VARIABLE = YES;
				IPHONEOS_DEPLOYMENT_TARGET = 11.3;
				MTL_ENABLE_DEBUG_INFO = NO;
				SDKROOT = iphoneos;
				SWIFT_COMPILATION_MODE = wholemodule;
				SWIFT_OPTIMIZATION_LEVEL = "-O";
				VALIDATE_PRODUCT = YES;
			};
			name = Release;
		};
		885041CF2092B93400F06225 /* Debug */ = {
			isa = XCBuildConfiguration;
			buildSettings = {
				ASSETCATALOG_COMPILER_APPICON_NAME = AppIcon;
				CODE_SIGN_STYLE = Automatic;
				INFOPLIST_FILE = TetrisGenerator_SPRKT/Info.plist;
				LD_RUNPATH_SEARCH_PATHS = (
					"$(inherited)",
					"@executable_path/Frameworks",
				);
				PRODUCT_BUNDLE_IDENTIFIER = "HipsterTrikster.TetrisGenerator-SPRKT";
				PRODUCT_NAME = "$(TARGET_NAME)";
				SWIFT_VERSION = 4.0;
				TARGETED_DEVICE_FAMILY = "1,2";
			};
			name = Debug;
		};
		885041D02092B93400F06225 /* Release */ = {
			isa = XCBuildConfiguration;
			buildSettings = {
				ASSETCATALOG_COMPILER_APPICON_NAME = AppIcon;
				CODE_SIGN_STYLE = Automatic;
				INFOPLIST_FILE = TetrisGenerator_SPRKT/Info.plist;
				LD_RUNPATH_SEARCH_PATHS = (
					"$(inherited)",
					"@executable_path/Frameworks",
				);
				PRODUCT_BUNDLE_IDENTIFIER = "HipsterTrikster.TetrisGenerator-SPRKT";
				PRODUCT_NAME = "$(TARGET_NAME)";
				SWIFT_VERSION = 4.0;
				TARGETED_DEVICE_FAMILY = "1,2";
			};
			name = Release;
		};
/* End XCBuildConfiguration section */

/* Begin XCConfigurationList section */
		885041B72092B93300F06225 /* Build configuration list for PBXProject "TetrisGenerator_SPRKT" */ = {
			isa = XCConfigurationList;
			buildConfigurations = (
				885041CC2092B93400F06225 /* Debug */,
				885041CD2092B93400F06225 /* Release */,
			);
			defaultConfigurationIsVisible = 0;
			defaultConfigurationName = Release;
		};
		885041CE2092B93400F06225 /* Build configuration list for PBXNativeTarget "TetrisGenerator_SPRKT" */ = {
			isa = XCConfigurationList;
			buildConfigurations = (
				885041CF2092B93400F06225 /* Debug */,
				885041D02092B93400F06225 /* Release */,
			);
			defaultConfigurationIsVisible = 0;
			defaultConfigurationName = Release;
		};
/* End XCConfigurationList section */
	};
	rootObject = 885041B42092B93300F06225 /* Project object */;
}
